
Microsoft Visual Studio Solution File, Format Version 12.00
# Visual Studio Version 17
VisualStudioVersion = 17.0.31903.59
MinimumVisualStudioVersion = 10.0.40219.1
Project("{2150E333-8FDC-42A3-9474-1A3956D46DE8}") = "src", "src", "{DA0225BD-0A56-4EC0-ADAD-5C27116F46D3}"
EndProject
Project("{FAE04EC0-301F-11D3-BF4B-00C04F79EFBC}") = "Atrob", "src\Atrob\Atrob.csproj", "{A6A8F7EF-8A2A-47EA-BA03-F7A77A025654}"
EndProject
Project("{FAE04EC0-301F-11D3-BF4B-00C04F79EFBC}") = "Atrob.Sample", "src\Atrob.Sample\Atrob.Sample.csproj", "{F106BF24-C39F-45B7-A04C-C338C369B520}"
EndProject
Project("{FAE04EC0-301F-11D3-BF4B-00C04F79EFBC}") = "Atrob.Test", "src\Atrob.Test\Atrob.Test.csproj", "{87A0980F-65B0-4CC9-B2A8-5E460C28159A}"
EndProject
Global
	GlobalSection(SolutionConfigurationPlatforms) = preSolution
		Debug|Any CPU = Debug|Any CPU
		Release|Any CPU = Release|Any CPU
	EndGlobalSection
	GlobalSection(SolutionProperties) = preSolution
		HideSolutionNode = FALSE
	EndGlobalSection
	GlobalSection(ProjectConfigurationPlatforms) = postSolution
		{A6A8F7EF-8A2A-47EA-BA03-F7A77A025654}.Debug|Any CPU.ActiveCfg = Debug|Any CPU
		{A6A8F7EF-8A2A-47EA-BA03-F7A77A025654}.Debug|Any CPU.Build.0 = Debug|Any CPU
		{A6A8F7EF-8A2A-47EA-BA03-F7A77A025654}.Release|Any CPU.ActiveCfg = Release|Any CPU
		{A6A8F7EF-8A2A-47EA-BA03-F7A77A025654}.Release|Any CPU.Build.0 = Release|Any CPU
		{F106BF24-C39F-45B7-A04C-C338C369B520}.Debug|Any CPU.ActiveCfg = Debug|Any CPU
		{F106BF24-C39F-45B7-A04C-C338C369B520}.Debug|Any CPU.Build.0 = Debug|Any CPU
		{F106BF24-C39F-45B7-A04C-C338C369B520}.Release|Any CPU.ActiveCfg = Release|Any CPU
		{F106BF24-C39F-45B7-A04C-C338C369B520}.Release|Any CPU.Build.0 = Release|Any CPU
		{87A0980F-65B0-4CC9-B2A8-5E460C28159A}.Debug|Any CPU.ActiveCfg = Debug|Any CPU
		{87A0980F-65B0-4CC9-B2A8-5E460C28159A}.Debug|Any CPU.Build.0 = Debug|Any CPU
		{87A0980F-65B0-4CC9-B2A8-5E460C28159A}.Release|Any CPU.ActiveCfg = Release|Any CPU
		{87A0980F-65B0-4CC9-B2A8-5E460C28159A}.Release|Any CPU.Build.0 = Release|Any CPU
	EndGlobalSection
	GlobalSection(NestedProjects) = preSolution
		{A6A8F7EF-8A2A-47EA-BA03-F7A77A025654} = {DA0225BD-0A56-4EC0-ADAD-5C27116F46D3}
		{F106BF24-C39F-45B7-A04C-C338C369B520} = {DA0225BD-0A56-4EC0-ADAD-5C27116F46D3}
		{87A0980F-65B0-4CC9-B2A8-5E460C28159A} = {DA0225BD-0A56-4EC0-ADAD-5C27116F46D3}
	EndGlobalSection
EndGlobal
